
Microsoft Visual Studio Solution File, Format Version 12.00
# Visual Studio 15
VisualStudioVersion = 15.0.28010.2016
MinimumVisualStudioVersion = 10.0.40219.1
Project("{FAE04EC0-301F-11D3-BF4B-00C04F79EFBC}") = "EulerProblems", "EulerProblems\EulerProblems.csproj", "{A2B4B871-F514-4293-B806-281360FD593F}"
EndProject
Project("{FAE04EC0-301F-11D3-BF4B-00C04F79EFBC}") = "ConsoleApp1", "ConsoleApp1\ConsoleApp1.csproj", "{EF2DEE0F-8F4F-4726-AA6D-E53F7289D0A0}"
EndProject
Global
	GlobalSection(SolutionConfigurationPlatforms) = preSolution
		Debug|Any CPU = Debug|Any CPU
		Release|Any CPU = Release|Any CPU
	EndGlobalSection
	GlobalSection(ProjectConfigurationPlatforms) = postSolution
		{A2B4B871-F514-4293-B806-281360FD593F}.Debug|Any CPU.ActiveCfg = Debug|Any CPU
		{A2B4B871-F514-4293-B806-281360FD593F}.Debug|Any CPU.Build.0 = Debug|Any CPU
		{A2B4B871-F514-4293-B806-281360FD593F}.Release|Any CPU.ActiveCfg = Release|Any CPU
		{A2B4B871-F514-4293-B806-281360FD593F}.Release|Any CPU.Build.0 = Release|Any CPU
		{EF2DEE0F-8F4F-4726-AA6D-E53F7289D0A0}.Debug|Any CPU.ActiveCfg = Debug|Any CPU
		{EF2DEE0F-8F4F-4726-AA6D-E53F7289D0A0}.Debug|Any CPU.Build.0 = Debug|Any CPU
		{EF2DEE0F-8F4F-4726-AA6D-E53F7289D0A0}.Release|Any CPU.ActiveCfg = Release|Any CPU
		{EF2DEE0F-8F4F-4726-AA6D-E53F7289D0A0}.Release|Any CPU.Build.0 = Release|Any CPU
	EndGlobalSection
	GlobalSection(SolutionProperties) = preSolution
		HideSolutionNode = FALSE
	EndGlobalSection
	GlobalSection(ExtensibilityGlobals) = postSolution
		SolutionGuid = {9DCF59CC-24A0-4B5B-8735-4D94948E0E38}
	EndGlobalSection
EndGlobal
